// !$*UTF8*$!
{
	archiveVersion = 1;
	classes = {
	};
	objectVersion = 51;
	objects = {

/* Begin PBXBuildFile section */
		186AFE60A103CC843194BE62 /* Pods_Skillbox2_3.framework in Frameworks */ = {isa = PBXBuildFile; fileRef = 3206C257D3944395B10D0788 /* Pods_Skillbox2_3.framework */; };
		AC5C632F25399AF300210D11 /* ViewController6.swift in Sources */ = {isa = PBXBuildFile; fileRef = AC5C632E25399AF300210D11 /* ViewController6.swift */; };
		AC63E8CE2536DCE8007C294D /* ViewControllerB.swift in Sources */ = {isa = PBXBuildFile; fileRef = AC63E8CD2536DCE8007C294D /* ViewControllerB.swift */; };
		AC63E8D92538118C007C294D /* ViewControllerCF.swift in Sources */ = {isa = PBXBuildFile; fileRef = AC63E8D82538118C007C294D /* ViewControllerCF.swift */; };
		AC63E8E12538160F007C294D /* TableViewCellC.swift in Sources */ = {isa = PBXBuildFile; fileRef = AC63E8E02538160F007C294D /* TableViewCellC.swift */; };
		AC63E8E9253833C5007C294D /* ViewControllerD.swift in Sources */ = {isa = PBXBuildFile; fileRef = AC63E8E8253833C5007C294D /* ViewControllerD.swift */; };
		AC63E8F12538511A007C294D /* ViewControllerE.swift in Sources */ = {isa = PBXBuildFile; fileRef = AC63E8F02538511A007C294D /* ViewControllerE.swift */; };
		ACE8A37B25357615005FD50C /* AppDelegate.swift in Sources */ = {isa = PBXBuildFile; fileRef = ACE8A37A25357615005FD50C /* AppDelegate.swift */; };
		ACE8A37D25357615005FD50C /* SceneDelegate.swift in Sources */ = {isa = PBXBuildFile; fileRef = ACE8A37C25357615005FD50C /* SceneDelegate.swift */; };
		ACE8A37F25357615005FD50C /* ViewControllerA.swift in Sources */ = {isa = PBXBuildFile; fileRef = ACE8A37E25357615005FD50C /* ViewControllerA.swift */; };
		ACE8A38225357615005FD50C /* Main.storyboard in Resources */ = {isa = PBXBuildFile; fileRef = ACE8A38025357615005FD50C /* Main.storyboard */; };
		ACE8A38425357616005FD50C /* Assets.xcassets in Resources */ = {isa = PBXBuildFile; fileRef = ACE8A38325357616005FD50C /* Assets.xcassets */; };
		ACE8A38725357616005FD50C /* LaunchScreen.storyboard in Resources */ = {isa = PBXBuildFile; fileRef = ACE8A38525357616005FD50C /* LaunchScreen.storyboard */; };
		ACE8A39225357616005FD50C /* Skillbox2_3Tests.swift in Sources */ = {isa = PBXBuildFile; fileRef = ACE8A39125357616005FD50C /* Skillbox2_3Tests.swift */; };
		ACE8A39D25357616005FD50C /* Skillbox2_3UITests.swift in Sources */ = {isa = PBXBuildFile; fileRef = ACE8A39C25357616005FD50C /* Skillbox2_3UITests.swift */; };
/* End PBXBuildFile section */

/* Begin PBXContainerItemProxy section */
		ACE8A38E25357616005FD50C /* PBXContainerItemProxy */ = {
			isa = PBXContainerItemProxy;
			containerPortal = ACE8A36F25357615005FD50C /* Project object */;
			proxyType = 1;
			remoteGlobalIDString = ACE8A37625357615005FD50C;
			remoteInfo = Skillbox2.3;
		};
		ACE8A39925357616005FD50C /* PBXContainerItemProxy */ = {
			isa = PBXContainerItemProxy;
			containerPortal = ACE8A36F25357615005FD50C /* Project object */;
			proxyType = 1;
			remoteGlobalIDString = ACE8A37625357615005FD50C;
			remoteInfo = Skillbox2.3;
		};
/* End PBXContainerItemProxy section */

/* Begin PBXFileReference section */
		3206C257D3944395B10D0788 /* Pods_Skillbox2_3.framework */ = {isa = PBXFileReference; explicitFileType = wrapper.framework; includeInIndex = 0; path = Pods_Skillbox2_3.framework; sourceTree = BUILT_PRODUCTS_DIR; };
		8369C2829887A0D97021B186 /* Pods-Skillbox2.3.release.xcconfig */ = {isa = PBXFileReference; includeInIndex = 1; lastKnownFileType = text.xcconfig; name = "Pods-Skillbox2.3.release.xcconfig"; path = "Target Support Files/Pods-Skillbox2.3/Pods-Skillbox2.3.release.xcconfig"; sourceTree = "<group>"; };
		AC5C632E25399AF300210D11 /* ViewController6.swift */ = {isa = PBXFileReference; lastKnownFileType = sourcecode.swift; path = ViewController6.swift; sourceTree = "<group>"; };
		AC63E8CD2536DCE8007C294D /* ViewControllerB.swift */ = {isa = PBXFileReference; lastKnownFileType = sourcecode.swift; path = ViewControllerB.swift; sourceTree = "<group>"; };
		AC63E8D82538118C007C294D /* ViewControllerCF.swift */ = {isa = PBXFileReference; lastKnownFileType = sourcecode.swift; path = ViewControllerCF.swift; sourceTree = "<group>"; };
		AC63E8E02538160F007C294D /* TableViewCellC.swift */ = {isa = PBXFileReference; lastKnownFileType = sourcecode.swift; path = TableViewCellC.swift; sourceTree = "<group>"; };
		AC63E8E8253833C5007C294D /* ViewControllerD.swift */ = {isa = PBXFileReference; lastKnownFileType = sourcecode.swift; path = ViewControllerD.swift; sourceTree = "<group>"; };
		AC63E8F02538511A007C294D /* ViewControllerE.swift */ = {isa = PBXFileReference; lastKnownFileType = sourcecode.swift; path = ViewControllerE.swift; sourceTree = "<group>"; };
		ACE8A37725357615005FD50C /* Skillbox2.3.app */ = {isa = PBXFileReference; explicitFileType = wrapper.application; includeInIndex = 0; path = Skillbox2.3.app; sourceTree = BUILT_PRODUCTS_DIR; };
		ACE8A37A25357615005FD50C /* AppDelegate.swift */ = {isa = PBXFileReference; lastKnownFileType = sourcecode.swift; path = AppDelegate.swift; sourceTree = "<group>"; };
		ACE8A37C25357615005FD50C /* SceneDelegate.swift */ = {isa = PBXFileReference; lastKnownFileType = sourcecode.swift; path = SceneDelegate.swift; sourceTree = "<group>"; };
		ACE8A37E25357615005FD50C /* ViewControllerA.swift */ = {isa = PBXFileReference; lastKnownFileType = sourcecode.swift; path = ViewControllerA.swift; sourceTree = "<group>"; };
		ACE8A38125357615005FD50C /* Base */ = {isa = PBXFileReference; lastKnownFileType = file.storyboard; name = Base; path = Base.lproj/Main.storyboard; sourceTree = "<group>"; };
		ACE8A38325357616005FD50C /* Assets.xcassets */ = {isa = PBXFileReference; lastKnownFileType = folder.assetcatalog; path = Assets.xcassets; sourceTree = "<group>"; };
		ACE8A38625357616005FD50C /* Base */ = {isa = PBXFileReference; lastKnownFileType = file.storyboard; name = Base; path = Base.lproj/LaunchScreen.storyboard; sourceTree = "<group>"; };
		ACE8A38825357616005FD50C /* Info.plist */ = {isa = PBXFileReference; lastKnownFileType = text.plist.xml; path = Info.plist; sourceTree = "<group>"; };
		ACE8A38D25357616005FD50C /* Skillbox2.3Tests.xctest */ = {isa = PBXFileReference; explicitFileType = wrapper.cfbundle; includeInIndex = 0; path = Skillbox2.3Tests.xctest; sourceTree = BUILT_PRODUCTS_DIR; };
		ACE8A39125357616005FD50C /* Skillbox2_3Tests.swift */ = {isa = PBXFileReference; lastKnownFileType = sourcecode.swift; path = Skillbox2_3Tests.swift; sourceTree = "<group>"; };
		ACE8A39325357616005FD50C /* Info.plist */ = {isa = PBXFileReference; lastKnownFileType = text.plist.xml; path = Info.plist; sourceTree = "<group>"; };
		ACE8A39825357616005FD50C /* Skillbox2.3UITests.xctest */ = {isa = PBXFileReference; explicitFileType = wrapper.cfbundle; includeInIndex = 0; path = Skillbox2.3UITests.xctest; sourceTree = BUILT_PRODUCTS_DIR; };
		ACE8A39C25357616005FD50C /* Skillbox2_3UITests.swift */ = {isa = PBXFileReference; lastKnownFileType = sourcecode.swift; path = Skillbox2_3UITests.swift; sourceTree = "<group>"; };
		ACE8A39E25357616005FD50C /* Info.plist */ = {isa = PBXFileReference; lastKnownFileType = text.plist.xml; path = Info.plist; sourceTree = "<group>"; };
		C661E5E79D213F4A6F44A61D /* Pods-Skillbox2.3.debug.xcconfig */ = {isa = PBXFileReference; includeInIndex = 1; lastKnownFileType = text.xcconfig; name = "Pods-Skillbox2.3.debug.xcconfig"; path = "Target Support Files/Pods-Skillbox2.3/Pods-Skillbox2.3.debug.xcconfig"; sourceTree = "<group>"; };
/* End PBXFileReference section */

/* Begin PBXFrameworksBuildPhase section */
		ACE8A37425357615005FD50C /* Frameworks */ = {
			isa = PBXFrameworksBuildPhase;
			buildActionMask = 2147483647;
			files = (
				186AFE60A103CC843194BE62 /* Pods_Skillbox2_3.framework in Frameworks */,
			);
			runOnlyForDeploymentPostprocessing = 0;
		};
		ACE8A38A25357616005FD50C /* Frameworks */ = {
			isa = PBXFrameworksBuildPhase;
			buildActionMask = 2147483647;
			files = (
			);
			runOnlyForDeploymentPostprocessing = 0;
		};
		ACE8A39525357616005FD50C /* Frameworks */ = {
			isa = PBXFrameworksBuildPhase;
			buildActionMask = 2147483647;
			files = (
			);
			runOnlyForDeploymentPostprocessing = 0;
		};
/* End PBXFrameworksBuildPhase section */

/* Begin PBXGroup section */
		77B4E927CBDA954D0AC4F490 /* Pods */ = {
			isa = PBXGroup;
			children = (
				C661E5E79D213F4A6F44A61D /* Pods-Skillbox2.3.debug.xcconfig */,
				8369C2829887A0D97021B186 /* Pods-Skillbox2.3.release.xcconfig */,
			);
			path = Pods;
			sourceTree = "<group>";
		};
		8D817697DB74A35F89E091FB /* Frameworks */ = {
			isa = PBXGroup;
			children = (
				3206C257D3944395B10D0788 /* Pods_Skillbox2_3.framework */,
			);
			name = Frameworks;
			sourceTree = "<group>";
		};
		ACE8A36E25357615005FD50C = {
			isa = PBXGroup;
			children = (
				ACE8A37925357615005FD50C /* Skillbox2.3 */,
				ACE8A39025357616005FD50C /* Skillbox2.3Tests */,
				ACE8A39B25357616005FD50C /* Skillbox2.3UITests */,
				ACE8A37825357615005FD50C /* Products */,
				77B4E927CBDA954D0AC4F490 /* Pods */,
				8D817697DB74A35F89E091FB /* Frameworks */,
			);
			sourceTree = "<group>";
		};
		ACE8A37825357615005FD50C /* Products */ = {
			isa = PBXGroup;
			children = (
				ACE8A37725357615005FD50C /* Skillbox2.3.app */,
				ACE8A38D25357616005FD50C /* Skillbox2.3Tests.xctest */,
				ACE8A39825357616005FD50C /* Skillbox2.3UITests.xctest */,
			);
			name = Products;
			sourceTree = "<group>";
		};
		ACE8A37925357615005FD50C /* Skillbox2.3 */ = {
			isa = PBXGroup;
			children = (
				ACE8A37A25357615005FD50C /* AppDelegate.swift */,
				ACE8A37C25357615005FD50C /* SceneDelegate.swift */,
				ACE8A37E25357615005FD50C /* ViewControllerA.swift */,
				AC63E8CD2536DCE8007C294D /* ViewControllerB.swift */,
				AC63E8D82538118C007C294D /* ViewControllerCF.swift */,
				AC63E8E02538160F007C294D /* TableViewCellC.swift */,
				AC63E8E8253833C5007C294D /* ViewControllerD.swift */,
				AC63E8F02538511A007C294D /* ViewControllerE.swift */,
				AC5C632E25399AF300210D11 /* ViewController6.swift */,
				ACE8A38025357615005FD50C /* Main.storyboard */,
				ACE8A38325357616005FD50C /* Assets.xcassets */,
				ACE8A38525357616005FD50C /* LaunchScreen.storyboard */,
				ACE8A38825357616005FD50C /* Info.plist */,
			);
			path = Skillbox2.3;
			sourceTree = "<group>";
		};
		ACE8A39025357616005FD50C /* Skillbox2.3Tests */ = {
			isa = PBXGroup;
			children = (
				ACE8A39125357616005FD50C /* Skillbox2_3Tests.swift */,
				ACE8A39325357616005FD50C /* Info.plist */,
			);
			path = Skillbox2.3Tests;
			sourceTree = "<group>";
		};
		ACE8A39B25357616005FD50C /* Skillbox2.3UITests */ = {
			isa = PBXGroup;
			children = (
				ACE8A39C25357616005FD50C /* Skillbox2_3UITests.swift */,
				ACE8A39E25357616005FD50C /* Info.plist */,
			);
			path = Skillbox2.3UITests;
			sourceTree = "<group>";
		};
/* End PBXGroup section */

/* Begin PBXNativeTarget section */
		ACE8A37625357615005FD50C /* Skillbox2.3 */ = {
			isa = PBXNativeTarget;
			buildConfigurationList = ACE8A3A125357616005FD50C /* Build configuration list for PBXNativeTarget "Skillbox2.3" */;
			buildPhases = (
				1167DEDD03550F7A21B9A5B1 /* [CP] Check Pods Manifest.lock */,
				ACE8A37325357615005FD50C /* Sources */,
				ACE8A37425357615005FD50C /* Frameworks */,
				ACE8A37525357615005FD50C /* Resources */,
				9A8514106851317C20D92584 /* [CP] Embed Pods Frameworks */,
			);
			buildRules = (
			);
			dependencies = (
			);
			name = Skillbox2.3;
			productName = Skillbox2.3;
			productReference = ACE8A37725357615005FD50C /* Skillbox2.3.app */;
			productType = "com.apple.product-type.application";
		};
		ACE8A38C25357616005FD50C /* Skillbox2.3Tests */ = {
			isa = PBXNativeTarget;
			buildConfigurationList = ACE8A3A425357616005FD50C /* Build configuration list for PBXNativeTarget "Skillbox2.3Tests" */;
			buildPhases = (
				ACE8A38925357616005FD50C /* Sources */,
				ACE8A38A25357616005FD50C /* Frameworks */,
				ACE8A38B25357616005FD50C /* Resources */,
			);
			buildRules = (
			);
			dependencies = (
				ACE8A38F25357616005FD50C /* PBXTargetDependency */,
			);
			name = Skillbox2.3Tests;
			productName = Skillbox2.3Tests;
			productReference = ACE8A38D25357616005FD50C /* Skillbox2.3Tests.xctest */;
			productType = "com.apple.product-type.bundle.unit-test";
		};
		ACE8A39725357616005FD50C /* Skillbox2.3UITests */ = {
			isa = PBXNativeTarget;
			buildConfigurationList = ACE8A3A725357616005FD50C /* Build configuration list for PBXNativeTarget "Skillbox2.3UITests" */;
			buildPhases = (
				ACE8A39425357616005FD50C /* Sources */,
				ACE8A39525357616005FD50C /* Frameworks */,
				ACE8A39625357616005FD50C /* Resources */,
			);
			buildRules = (
			);
			dependencies = (
				ACE8A39A25357616005FD50C /* PBXTargetDependency */,
			);
			name = Skillbox2.3UITests;
			productName = Skillbox2.3UITests;
			productReference = ACE8A39825357616005FD50C /* Skillbox2.3UITests.xctest */;
			productType = "com.apple.product-type.bundle.ui-testing";
		};
/* End PBXNativeTarget section */

/* Begin PBXProject section */
		ACE8A36F25357615005FD50C /* Project object */ = {
			isa = PBXProject;
			attributes = {
				LastSwiftUpdateCheck = 1200;
				LastUpgradeCheck = 1200;
				TargetAttributes = {
					ACE8A37625357615005FD50C = {
						CreatedOnToolsVersion = 12.0.1;
					};
					ACE8A38C25357616005FD50C = {
						CreatedOnToolsVersion = 12.0.1;
						TestTargetID = ACE8A37625357615005FD50C;
					};
					ACE8A39725357616005FD50C = {
						CreatedOnToolsVersion = 12.0.1;
						TestTargetID = ACE8A37625357615005FD50C;
					};
				};
			};
			buildConfigurationList = ACE8A37225357615005FD50C /* Build configuration list for PBXProject "Skillbox2.3" */;
			compatibilityVersion = "Xcode 9.3";
			developmentRegion = en;
			hasScannedForEncodings = 0;
			knownRegions = (
				en,
				Base,
			);
			mainGroup = ACE8A36E25357615005FD50C;
			productRefGroup = ACE8A37825357615005FD50C /* Products */;
			projectDirPath = "";
			projectRoot = "";
			targets = (
				ACE8A37625357615005FD50C /* Skillbox2.3 */,
				ACE8A38C25357616005FD50C /* Skillbox2.3Tests */,
				ACE8A39725357616005FD50C /* Skillbox2.3UITests */,
			);
		};
/* End PBXProject section */

/* Begin PBXResourcesBuildPhase section */
		ACE8A37525357615005FD50C /* Resources */ = {
			isa = PBXResourcesBuildPhase;
			buildActionMask = 2147483647;
			files = (
				ACE8A38725357616005FD50C /* LaunchScreen.storyboard in Resources */,
				ACE8A38425357616005FD50C /* Assets.xcassets in Resources */,
				ACE8A38225357615005FD50C /* Main.storyboard in Resources */,
			);
			runOnlyForDeploymentPostprocessing = 0;
		};
		ACE8A38B25357616005FD50C /* Resources */ = {
			isa = PBXResourcesBuildPhase;
			buildActionMask = 2147483647;
			files = (
			);
			runOnlyForDeploymentPostprocessing = 0;
		};
		ACE8A39625357616005FD50C /* Resources */ = {
			isa = PBXResourcesBuildPhase;
			buildActionMask = 2147483647;
			files = (
			);
			runOnlyForDeploymentPostprocessing = 0;
		};
/* End PBXResourcesBuildPhase section */

/* Begin PBXShellScriptBuildPhase section */
		1167DEDD03550F7A21B9A5B1 /* [CP] Check Pods Manifest.lock */ = {
			isa = PBXShellScriptBuildPhase;
			buildActionMask = 2147483647;
			files = (
			);
			inputFileListPaths = (
			);
			inputPaths = (
				"${PODS_PODFILE_DIR_PATH}/Podfile.lock",
				"${PODS_ROOT}/Manifest.lock",
			);
			name = "[CP] Check Pods Manifest.lock";
			outputFileListPaths = (
			);
			outputPaths = (
				"$(DERIVED_FILE_DIR)/Pods-Skillbox2.3-checkManifestLockResult.txt",
			);
			runOnlyForDeploymentPostprocessing = 0;
			shellPath = /bin/sh;
			shellScript = "diff \"${PODS_PODFILE_DIR_PATH}/Podfile.lock\" \"${PODS_ROOT}/Manifest.lock\" > /dev/null\nif [ $? != 0 ] ; then\n    # print error to STDERR\n    echo \"error: The sandbox is not in sync with the Podfile.lock. Run 'pod install' or update your CocoaPods installation.\" >&2\n    exit 1\nfi\n# This output is used by Xcode 'outputs' to avoid re-running this script phase.\necho \"SUCCESS\" > \"${SCRIPT_OUTPUT_FILE_0}\"\n";
			showEnvVarsInLog = 0;
		};
		9A8514106851317C20D92584 /* [CP] Embed Pods Frameworks */ = {
			isa = PBXShellScriptBuildPhase;
			buildActionMask = 2147483647;
			files = (
			);
			inputFileListPaths = (
				"${PODS_ROOT}/Target Support Files/Pods-Skillbox2.3/Pods-Skillbox2.3-frameworks-${CONFIGURATION}-input-files.xcfilelist",
			);
			name = "[CP] Embed Pods Frameworks";
			outputFileListPaths = (
				"${PODS_ROOT}/Target Support Files/Pods-Skillbox2.3/Pods-Skillbox2.3-frameworks-${CONFIGURATION}-output-files.xcfilelist",
			);
			runOnlyForDeploymentPostprocessing = 0;
			shellPath = /bin/sh;
			shellScript = "\"${PODS_ROOT}/Target Support Files/Pods-Skillbox2.3/Pods-Skillbox2.3-frameworks.sh\"\n";
			showEnvVarsInLog = 0;
		};
/* End PBXShellScriptBuildPhase section */

/* Begin PBXSourcesBuildPhase section */
		ACE8A37325357615005FD50C /* Sources */ = {
			isa = PBXSourcesBuildPhase;
			buildActionMask = 2147483647;
			files = (
				ACE8A37F25357615005FD50C /* ViewControllerA.swift in Sources */,
				AC63E8E12538160F007C294D /* TableViewCellC.swift in Sources */,
				AC5C632F25399AF300210D11 /* ViewController6.swift in Sources */,
				AC63E8E9253833C5007C294D /* ViewControllerD.swift in Sources */,
				ACE8A37B25357615005FD50C /* AppDelegate.swift in Sources */,
				AC63E8F12538511A007C294D /* ViewControllerE.swift in Sources */,
				AC63E8D92538118C007C294D /* ViewControllerCF.swift in Sources */,
				AC63E8CE2536DCE8007C294D /* ViewControllerB.swift in Sources */,
				ACE8A37D25357615005FD50C /* SceneDelegate.swift in Sources */,
			);
			runOnlyForDeploymentPostprocessing = 0;
		};
		ACE8A38925357616005FD50C /* Sources */ = {
			isa = PBXSourcesBuildPhase;
			buildActionMask = 2147483647;
			files = (
				ACE8A39225357616005FD50C /* Skillbox2_3Tests.swift in Sources */,
			);
			runOnlyForDeploymentPostprocessing = 0;
		};
		ACE8A39425357616005FD50C /* Sources */ = {
			isa = PBXSourcesBuildPhase;
			buildActionMask = 2147483647;
			files = (
				ACE8A39D25357616005FD50C /* Skillbox2_3UITests.swift in Sources */,
			);
			runOnlyForDeploymentPostprocessing = 0;
		};
/* End PBXSourcesBuildPhase section */

/* Begin PBXTargetDependency section */
		ACE8A38F25357616005FD50C /* PBXTargetDependency */ = {
			isa = PBXTargetDependency;
			target = ACE8A37625357615005FD50C /* Skillbox2.3 */;
			targetProxy = ACE8A38E25357616005FD50C /* PBXContainerItemProxy */;
		};
		ACE8A39A25357616005FD50C /* PBXTargetDependency */ = {
			isa = PBXTargetDependency;
			target = ACE8A37625357615005FD50C /* Skillbox2.3 */;
			targetProxy = ACE8A39925357616005FD50C /* PBXContainerItemProxy */;
		};
/* End PBXTargetDependency section */

/* Begin PBXVariantGroup section */
		ACE8A38025357615005FD50C /* Main.storyboard */ = {
			isa = PBXVariantGroup;
			children = (
				ACE8A38125357615005FD50C /* Base */,
			);
			name = Main.storyboard;
			sourceTree = "<group>";
		};
		ACE8A38525357616005FD50C /* LaunchScreen.storyboard */ = {
			isa = PBXVariantGroup;
			children = (
				ACE8A38625357616005FD50C /* Base */,
			);
			name = LaunchScreen.storyboard;
			sourceTree = "<group>";
		};
/* End PBXVariantGroup section */

/* Begin XCBuildConfiguration section */
		ACE8A39F25357616005FD50C /* Debug */ = {
			isa = XCBuildConfiguration;
			buildSettings = {
				ALWAYS_SEARCH_USER_PATHS = NO;
				CLANG_ANALYZER_NONNULL = YES;
				CLANG_ANALYZER_NUMBER_OBJECT_CONVERSION = YES_AGGRESSIVE;
				CLANG_CXX_LANGUAGE_STANDARD = "gnu++14";
				CLANG_CXX_LIBRARY = "libc++";
				CLANG_ENABLE_MODULES = YES;
				CLANG_ENABLE_OBJC_ARC = YES;
				CLANG_ENABLE_OBJC_WEAK = YES;
				CLANG_WARN_BLOCK_CAPTURE_AUTORELEASING = YES;
				CLANG_WARN_BOOL_CONVERSION = YES;
				CLANG_WARN_COMMA = YES;
				CLANG_WARN_CONSTANT_CONVERSION = YES;
				CLANG_WARN_DEPRECATED_OBJC_IMPLEMENTATIONS = YES;
				CLANG_WARN_DIRECT_OBJC_ISA_USAGE = YES_ERROR;
				CLANG_WARN_DOCUMENTATION_COMMENTS = YES;
				CLANG_WARN_EMPTY_BODY = YES;
				CLANG_WARN_ENUM_CONVERSION = YES;
				CLANG_WARN_INFINITE_RECURSION = YES;
				CLANG_WARN_INT_CONVERSION = YES;
				CLANG_WARN_NON_LITERAL_NULL_CONVERSION = YES;
				CLANG_WARN_OBJC_IMPLICIT_RETAIN_SELF = YES;
				CLANG_WARN_OBJC_LITERAL_CONVERSION = YES;
				CLANG_WARN_OBJC_ROOT_CLASS = YES_ERROR;
				CLANG_WARN_QUOTED_INCLUDE_IN_FRAMEWORK_HEADER = YES;
				CLANG_WARN_RANGE_LOOP_ANALYSIS = YES;
				CLANG_WARN_STRICT_PROTOTYPES = YES;
				CLANG_WARN_SUSPICIOUS_MOVE = YES;
				CLANG_WARN_UNGUARDED_AVAILABILITY = YES_AGGRESSIVE;
				CLANG_WARN_UNREACHABLE_CODE = YES;
				CLANG_WARN__DUPLICATE_METHOD_MATCH = YES;
				COPY_PHASE_STRIP = NO;
				DEBUG_INFORMATION_FORMAT = dwarf;
				ENABLE_STRICT_OBJC_MSGSEND = YES;
				ENABLE_TESTABILITY = YES;
				GCC_C_LANGUAGE_STANDARD = gnu11;
				GCC_DYNAMIC_NO_PIC = NO;
				GCC_NO_COMMON_BLOCKS = YES;
				GCC_OPTIMIZATION_LEVEL = 0;
				GCC_PREPROCESSOR_DEFINITIONS = (
					"DEBUG=1",
					"$(inherited)",
				);
				GCC_WARN_64_TO_32_BIT_CONVERSION = YES;
				GCC_WARN_ABOUT_RETURN_TYPE = YES_ERROR;
				GCC_WARN_UNDECLARED_SELECTOR = YES;
				GCC_WARN_UNINITIALIZED_AUTOS = YES_AGGRESSIVE;
				GCC_WARN_UNUSED_FUNCTION = YES;
				GCC_WARN_UNUSED_VARIABLE = YES;
				IPHONEOS_DEPLOYMENT_TARGET = 14.0;
				MTL_ENABLE_DEBUG_INFO = INCLUDE_SOURCE;
				MTL_FAST_MATH = YES;
				ONLY_ACTIVE_ARCH = YES;
				SDKROOT = iphoneos;
				SWIFT_ACTIVE_COMPILATION_CONDITIONS = DEBUG;
				SWIFT_OPTIMIZATION_LEVEL = "-Onone";
			};
			name = Debug;
		};
		ACE8A3A025357616005FD50C /* Release */ = {
			isa = XCBuildConfiguration;
			buildSettings = {
				ALWAYS_SEARCH_USER_PATHS = NO;
				CLANG_ANALYZER_NONNULL = YES;
				CLANG_ANALYZER_NUMBER_OBJECT_CONVERSION = YES_AGGRESSIVE;
				CLANG_CXX_LANGUAGE_STANDARD = "gnu++14";
				CLANG_CXX_LIBRARY = "libc++";
				CLANG_ENABLE_MODULES = YES;
				CLANG_ENABLE_OBJC_ARC = YES;
				CLANG_ENABLE_OBJC_WEAK = YES;
				CLANG_WARN_BLOCK_CAPTURE_AUTORELEASING = YES;
				CLANG_WARN_BOOL_CONVERSION = YES;
				CLANG_WARN_COMMA = YES;
				CLANG_WARN_CONSTANT_CONVERSION = YES;
				CLANG_WARN_DEPRECATED_OBJC_IMPLEMENTATIONS = YES;
				CLANG_WARN_DIRECT_OBJC_ISA_USAGE = YES_ERROR;
				CLANG_WARN_DOCUMENTATION_COMMENTS = YES;
				CLANG_WARN_EMPTY_BODY = YES;
				CLANG_WARN_ENUM_CONVERSION = YES;
				CLANG_WARN_INFINITE_RECURSION = YES;
				CLANG_WARN_INT_CONVERSION = YES;
				CLANG_WARN_NON_LITERAL_NULL_CONVERSION = YES;
				CLANG_WARN_OBJC_IMPLICIT_RETAIN_SELF = YES;
				CLANG_WARN_OBJC_LITERAL_CONVERSION = YES;
				CLANG_WARN_OBJC_ROOT_CLASS = YES_ERROR;
				CLANG_WARN_QUOTED_INCLUDE_IN_FRAMEWORK_HEADER = YES;
				CLANG_WARN_RANGE_LOOP_ANALYSIS = YES;
				CLANG_WARN_STRICT_PROTOTYPES = YES;
				CLANG_WARN_SUSPICIOUS_MOVE = YES;
				CLANG_WARN_UNGUARDED_AVAILABILITY = YES_AGGRESSIVE;
				CLANG_WARN_UNREACHABLE_CODE = YES;
				CLANG_WARN__DUPLICATE_METHOD_MATCH = YES;
				COPY_PHASE_STRIP = NO;
				DEBUG_INFORMATION_FORMAT = "dwarf-with-dsym";
				ENABLE_NS_ASSERTIONS = NO;
				ENABLE_STRICT_OBJC_MSGSEND = YES;
				GCC_C_LANGUAGE_STANDARD = gnu11;
				GCC_NO_COMMON_BLOCKS = YES;
				GCC_WARN_64_TO_32_BIT_CONVERSION = YES;
				GCC_WARN_ABOUT_RETURN_TYPE = YES_ERROR;
				GCC_WARN_UNDECLARED_SELECTOR = YES;
				GCC_WARN_UNINITIALIZED_AUTOS = YES_AGGRESSIVE;
				GCC_WARN_UNUSED_FUNCTION = YES;
				GCC_WARN_UNUSED_VARIABLE = YES;
				IPHONEOS_DEPLOYMENT_TARGET = 14.0;
				MTL_ENABLE_DEBUG_INFO = NO;
				MTL_FAST_MATH = YES;
				SDKROOT = iphoneos;
				SWIFT_COMPILATION_MODE = wholemodule;
				SWIFT_OPTIMIZATION_LEVEL = "-O";
				VALIDATE_PRODUCT = YES;
			};
			name = Release;
		};
		ACE8A3A225357616005FD50C /* Debug */ = {
			isa = XCBuildConfiguration;
			baseConfigurationReference = C661E5E79D213F4A6F44A61D /* Pods-Skillbox2.3.debug.xcconfig */;
			buildSettings = {
				ASSETCATALOG_COMPILER_APPICON_NAME = AppIcon;
				ASSETCATALOG_COMPILER_GLOBAL_ACCENT_COLOR_NAME = AccentColor;
				CODE_SIGN_STYLE = Automatic;
				DEVELOPMENT_TEAM = 7MQ354KRU3;
				INFOPLIST_FILE = Skillbox2.3/Info.plist;
				LD_RUNPATH_SEARCH_PATHS = (
					"$(inherited)",
					"@executable_path/Frameworks",
				);
				PRODUCT_BUNDLE_IDENTIFIER = "ArtemA.Skillbox2-3";
				PRODUCT_NAME = "$(TARGET_NAME)";
				SWIFT_VERSION = 5.0;
				TARGETED_DEVICE_FAMILY = 1;
			};
			name = Debug;
		};
		ACE8A3A325357616005FD50C /* Release */ = {
			isa = XCBuildConfiguration;
			baseConfigurationReference = 8369C2829887A0D97021B186 /* Pods-Skillbox2.3.release.xcconfig */;
			buildSettings = {
				ASSETCATALOG_COMPILER_APPICON_NAME = AppIcon;
				ASSETCATALOG_COMPILER_GLOBAL_ACCENT_COLOR_NAME = AccentColor;
				CODE_SIGN_STYLE = Automatic;
				DEVELOPMENT_TEAM = 7MQ354KRU3;
				INFOPLIST_FILE = Skillbox2.3/Info.plist;
				LD_RUNPATH_SEARCH_PATHS = (
					"$(inherited)",
					"@executable_path/Frameworks",
				);
				PRODUCT_BUNDLE_IDENTIFIER = "ArtemA.Skillbox2-3";
				PRODUCT_NAME = "$(TARGET_NAME)";
				SWIFT_VERSION = 5.0;
				TARGETED_DEVICE_FAMILY = 1;
			};
			name = Release;
		};
		ACE8A3A525357616005FD50C /* Debug */ = {
			isa = XCBuildConfiguration;
			buildSettings = {
				ALWAYS_EMBED_SWIFT_STANDARD_LIBRARIES = YES;
				BUNDLE_LOADER = "$(TEST_HOST)";
				CODE_SIGN_STYLE = Automatic;
				DEVELOPMENT_TEAM = 7MQ354KRU3;
				INFOPLIST_FILE = Skillbox2.3Tests/Info.plist;
				IPHONEOS_DEPLOYMENT_TARGET = 14.0;
				LD_RUNPATH_SEARCH_PATHS = (
					"$(inherited)",
					"@executable_path/Frameworks",
					"@loader_path/Frameworks",
				);
				PRODUCT_BUNDLE_IDENTIFIER = "ArtemA.Skillbox2-3Tests";
				PRODUCT_NAME = "$(TARGET_NAME)";
				SWIFT_VERSION = 5.0;
				TARGETED_DEVICE_FAMILY = "1,2";
				TEST_HOST = "$(BUILT_PRODUCTS_DIR)/Skillbox2.3.app/Skillbox2.3";
			};
			name = Debug;
		};
		ACE8A3A625357616005FD50C /* Release */ = {
			isa = XCBuildConfiguration;
			buildSettings = {
				ALWAYS_EMBED_SWIFT_STANDARD_LIBRARIES = YES;
				BUNDLE_LOADER = "$(TEST_HOST)";
				CODE_SIGN_STYLE = Automatic;
				DEVELOPMENT_TEAM = 7MQ354KRU3;
				INFOPLIST_FILE = Skillbox2.3Tests/Info.plist;
				IPHONEOS_DEPLOYMENT_TARGET = 14.0;
				LD_RUNPATH_SEARCH_PATHS = (
					"$(inherited)",
					"@executable_path/Frameworks",
					"@loader_path/Frameworks",
				);
				PRODUCT_BUNDLE_IDENTIFIER = "ArtemA.Skillbox2-3Tests";
				PRODUCT_NAME = "$(TARGET_NAME)";
				SWIFT_VERSION = 5.0;
				TARGETED_DEVICE_FAMILY = "1,2";
				TEST_HOST = "$(BUILT_PRODUCTS_DIR)/Skillbox2.3.app/Skillbox2.3";
			};
			name = Release;
		};
		ACE8A3A825357616005FD50C /* Debug */ = {
			isa = XCBuildConfiguration;
			buildSettings = {
				ALWAYS_EMBED_SWIFT_STANDARD_LIBRARIES = YES;
				CODE_SIGN_STYLE = Automatic;
				DEVELOPMENT_TEAM = 7MQ354KRU3;
				INFOPLIST_FILE = Skillbox2.3UITests/Info.plist;
				LD_RUNPATH_SEARCH_PATHS = (
					"$(inherited)",
					"@executable_path/Frameworks",
					"@loader_path/Frameworks",
				);
				PRODUCT_BUNDLE_IDENTIFIER = "ArtemA.Skillbox2-3UITests";
				PRODUCT_NAME = "$(TARGET_NAME)";
				SWIFT_VERSION = 5.0;
				TARGETED_DEVICE_FAMILY = "1,2";
				TEST_TARGET_NAME = Skillbox2.3;
			};
			name = Debug;
		};
		ACE8A3A925357616005FD50C /* Release */ = {
			isa = XCBuildConfiguration;
			buildSettings = {
				ALWAYS_EMBED_SWIFT_STANDARD_LIBRARIES = YES;
				CODE_SIGN_STYLE = Automatic;
				DEVELOPMENT_TEAM = 7MQ354KRU3;
				INFOPLIST_FILE = Skillbox2.3UITests/Info.plist;
				LD_RUNPATH_SEARCH_PATHS = (
					"$(inherited)",
					"@executable_path/Frameworks",
					"@loader_path/Frameworks",
				);
				PRODUCT_BUNDLE_IDENTIFIER = "ArtemA.Skillbox2-3UITests";
				PRODUCT_NAME = "$(TARGET_NAME)";
				SWIFT_VERSION = 5.0;
				TARGETED_DEVICE_FAMILY = "1,2";
				TEST_TARGET_NAME = Skillbox2.3;
			};
			name = Release;
		};
/* End XCBuildConfiguration section */

/* Begin XCConfigurationList section */
		ACE8A37225357615005FD50C /* Build configuration list for PBXProject "Skillbox2.3" */ = {
			isa = XCConfigurationList;
			buildConfigurations = (
				ACE8A39F25357616005FD50C /* Debug */,
				ACE8A3A025357616005FD50C /* Release */,
			);
			defaultConfigurationIsVisible = 0;
			defaultConfigurationName = Release;
		};
		ACE8A3A125357616005FD50C /* Build configuration list for PBXNativeTarget "Skillbox2.3" */ = {
			isa = XCConfigurationList;
			buildConfigurations = (
				ACE8A3A225357616005FD50C /* Debug */,
				ACE8A3A325357616005FD50C /* Release */,
			);
			defaultConfigurationIsVisible = 0;
			defaultConfigurationName = Release;
		};
		ACE8A3A425357616005FD50C /* Build configuration list for PBXNativeTarget "Skillbox2.3Tests" */ = {
			isa = XCConfigurationList;
			buildConfigurations = (
				ACE8A3A525357616005FD50C /* Debug */,
				ACE8A3A625357616005FD50C /* Release */,
			);
			defaultConfigurationIsVisible = 0;
			defaultConfigurationName = Release;
		};
		ACE8A3A725357616005FD50C /* Build configuration list for PBXNativeTarget "Skillbox2.3UITests" */ = {
			isa = XCConfigurationList;
			buildConfigurations = (
				ACE8A3A825357616005FD50C /* Debug */,
				ACE8A3A925357616005FD50C /* Release */,
			);
			defaultConfigurationIsVisible = 0;
			defaultConfigurationName = Release;
		};
/* End XCConfigurationList section */
	};
	rootObject = ACE8A36F25357615005FD50C /* Project object */;
}
